
Microsoft Visual Studio Solution File, Format Version 12.00
# Visual Studio Version 16
VisualStudioVersion = 16.0.30225.117
MinimumVisualStudioVersion = 10.0.40219.1
Project("{9A19103F-16F7-4668-BE54-9A1E7A4F7556}") = "Sqless", "Sqless\Sqless.csproj", "{BFAF7C1A-C382-4F87-8780-E9DA4A50784A}"
EndProject
Project("{9A19103F-16F7-4668-BE54-9A1E7A4F7556}") = "Demo.Sqless.Api", "Sqless.Demo.Api\Demo.Sqless.Api.csproj", "{76FAC248-1559-46ED-96AC-F082BC9E6859}"
EndProject
Project("{9A19103F-16F7-4668-BE54-9A1E7A4F7556}") = "Sqless.Test", "Sqless.Test\Sqless.Test.csproj", "{55A1F6D3-39C7-4BE4-8910-7AAF1BC561DA}"
EndProject
Project("{9A19103F-16F7-4668-BE54-9A1E7A4F7556}") = "Demo.Sqless.Common", "Sqless.Demo.Common\Demo.Sqless.Common.csproj", "{C7F065D3-A3CA-4340-8F91-370D81084C6E}"
EndProject
Project("{FAE04EC0-301F-11D3-BF4B-00C04F79EFBC}") = "Demo.Sqless.Wpf", "Sqless.Demo.Wpf\Demo.Sqless.Wpf.csproj", "{174A5BF9-A999-499E-AA7A-38E47F6653CD}"
EndProject
Global
	GlobalSection(SolutionConfigurationPlatforms) = preSolution
		Debug|Any CPU = Debug|Any CPU
		Release|Any CPU = Release|Any CPU
	EndGlobalSection
	GlobalSection(ProjectConfigurationPlatforms) = postSolution
		{BFAF7C1A-C382-4F87-8780-E9DA4A50784A}.Debug|Any CPU.ActiveCfg = Debug|Any CPU
		{BFAF7C1A-C382-4F87-8780-E9DA4A50784A}.Debug|Any CPU.Build.0 = Debug|Any CPU
		{BFAF7C1A-C382-4F87-8780-E9DA4A50784A}.Release|Any CPU.ActiveCfg = Release|Any CPU
		{BFAF7C1A-C382-4F87-8780-E9DA4A50784A}.Release|Any CPU.Build.0 = Release|Any CPU
		{76FAC248-1559-46ED-96AC-F082BC9E6859}.Debug|Any CPU.ActiveCfg = Debug|Any CPU
		{76FAC248-1559-46ED-96AC-F082BC9E6859}.Debug|Any CPU.Build.0 = Debug|Any CPU
		{76FAC248-1559-46ED-96AC-F082BC9E6859}.Release|Any CPU.ActiveCfg = Release|Any CPU
		{76FAC248-1559-46ED-96AC-F082BC9E6859}.Release|Any CPU.Build.0 = Release|Any CPU
		{55A1F6D3-39C7-4BE4-8910-7AAF1BC561DA}.Debug|Any CPU.ActiveCfg = Debug|Any CPU
		{55A1F6D3-39C7-4BE4-8910-7AAF1BC561DA}.Debug|Any CPU.Build.0 = Debug|Any CPU
		{55A1F6D3-39C7-4BE4-8910-7AAF1BC561DA}.Release|Any CPU.ActiveCfg = Release|Any CPU
		{55A1F6D3-39C7-4BE4-8910-7AAF1BC561DA}.Release|Any CPU.Build.0 = Release|Any CPU
		{C7F065D3-A3CA-4340-8F91-370D81084C6E}.Debug|Any CPU.ActiveCfg = Debug|Any CPU
		{C7F065D3-A3CA-4340-8F91-370D81084C6E}.Debug|Any CPU.Build.0 = Debug|Any CPU
		{C7F065D3-A3CA-4340-8F91-370D81084C6E}.Release|Any CPU.ActiveCfg = Release|Any CPU
		{C7F065D3-A3CA-4340-8F91-370D81084C6E}.Release|Any CPU.Build.0 = Release|Any CPU
		{174A5BF9-A999-499E-AA7A-38E47F6653CD}.Debug|Any CPU.ActiveCfg = Debug|Any CPU
		{174A5BF9-A999-499E-AA7A-38E47F6653CD}.Debug|Any CPU.Build.0 = Debug|Any CPU
		{174A5BF9-A999-499E-AA7A-38E47F6653CD}.Release|Any CPU.ActiveCfg = Release|Any CPU
		{174A5BF9-A999-499E-AA7A-38E47F6653CD}.Release|Any CPU.Build.0 = Release|Any CPU
	EndGlobalSection
	GlobalSection(SolutionProperties) = preSolution
		HideSolutionNode = FALSE
	EndGlobalSection
	GlobalSection(ExtensibilityGlobals) = postSolution
		SolutionGuid = {9DD41AE6-672D-4387-900E-33B4F6DFDA29}
	EndGlobalSection
EndGlobal
